
Microsoft Visual Studio Solution File, Format Version 12.00
# Visual Studio Version 16
VisualStudioVersion = 16.0.30711.63
MinimumVisualStudioVersion = 10.0.40219.1
Project("{FAE04EC0-301F-11D3-BF4B-00C04F79EFBC}") = "WebBeautyShop", "WebBeautyShop\WebBeautyShop.csproj", "{B606AB58-81E9-4B74-9629-127D20ED3F7F}"
EndProject
Global
	GlobalSection(SolutionConfigurationPlatforms) = preSolution
		Debug|Any CPU = Debug|Any CPU
		Release|Any CPU = Release|Any CPU
	EndGlobalSection
	GlobalSection(ProjectConfigurationPlatforms) = postSolution
		{B606AB58-81E9-4B74-9629-127D20ED3F7F}.Debug|Any CPU.ActiveCfg = Debug|Any CPU
		{B606AB58-81E9-4B74-9629-127D20ED3F7F}.Debug|Any CPU.Build.0 = Debug|Any CPU
		{B606AB58-81E9-4B74-9629-127D20ED3F7F}.Release|Any CPU.ActiveCfg = Release|Any CPU
		{B606AB58-81E9-4B74-9629-127D20ED3F7F}.Release|Any CPU.Build.0 = Release|Any CPU
	EndGlobalSection
	GlobalSection(SolutionProperties) = preSolution
		HideSolutionNode = FALSE
	EndGlobalSection
	GlobalSection(ExtensibilityGlobals) = postSolution
		SolutionGuid = {9DF37764-28A1-4848-BCF0-8D975DBA1F6A}
	EndGlobalSection
EndGlobal
